
Microsoft Visual Studio Solution File, Format Version 12.00
# Visual Studio Version 16
VisualStudioVersion = 16.0.29326.143
MinimumVisualStudioVersion = 10.0.40219.1
Project("{FAE04EC0-301F-11D3-BF4B-00C04F79EFBC}") = "WebDriver", "WebDriver\WebDriver.csproj", "{EC34B749-657A-447C-9B58-4E2D2479810E}"
EndProject
Project("{FAE04EC0-301F-11D3-BF4B-00C04F79EFBC}") = "SeleniumWebDriver", "SeleniumWebDriver\SeleniumWebDriver.csproj", "{2CFF3810-164F-4CCE-8D0C-A86F4326FA00}"
EndProject
Global
	GlobalSection(SolutionConfigurationPlatforms) = preSolution
		Debug|Any CPU = Debug|Any CPU
		Release|Any CPU = Release|Any CPU
	EndGlobalSection
	GlobalSection(ProjectConfigurationPlatforms) = postSolution
		{EC34B749-657A-447C-9B58-4E2D2479810E}.Debug|Any CPU.ActiveCfg = Debug|Any CPU
		{EC34B749-657A-447C-9B58-4E2D2479810E}.Debug|Any CPU.Build.0 = Debug|Any CPU
		{EC34B749-657A-447C-9B58-4E2D2479810E}.Release|Any CPU.ActiveCfg = Release|Any CPU
		{EC34B749-657A-447C-9B58-4E2D2479810E}.Release|Any CPU.Build.0 = Release|Any CPU
		{2CFF3810-164F-4CCE-8D0C-A86F4326FA00}.Debug|Any CPU.ActiveCfg = Debug|Any CPU
		{2CFF3810-164F-4CCE-8D0C-A86F4326FA00}.Debug|Any CPU.Build.0 = Debug|Any CPU
		{2CFF3810-164F-4CCE-8D0C-A86F4326FA00}.Release|Any CPU.ActiveCfg = Release|Any CPU
		{2CFF3810-164F-4CCE-8D0C-A86F4326FA00}.Release|Any CPU.Build.0 = Release|Any CPU
	EndGlobalSection
	GlobalSection(SolutionProperties) = preSolution
		HideSolutionNode = FALSE
	EndGlobalSection
	GlobalSection(ExtensibilityGlobals) = postSolution
		SolutionGuid = {BBA3AD5F-823F-43D8-823F-2E351E891F28}
	EndGlobalSection
EndGlobal
